# THIS IS AN AUTOGENERATED FILE. DO NOT EDIT THIS FILE DIRECTLY.
# yarn lockfile v1


"@tracespace/xml-id@^4.2.7":
  version "4.2.7"
  resolved "https://registry.yarnpkg.com/@tracespace/xml-id/-/xml-id-4.2.7.tgz#8754d7eefd58e5eba5121c3d9e6f18432c05063e"
  integrity sha512-4T7uAx5HB6qwKNH7jQDiij4EDe+uP+zlFcccMpZageZA5S2V2GFxm3g5lThJdTaQhp8Or4FLsmu8C/BRdYS7hg==

"@types/node@^13.1.6":
  version "13.13.52"
  resolved "https://registry.yarnpkg.com/@types/node/-/node-13.13.52.tgz#03c13be70b9031baaed79481c0c0cfb0045e53f7"
  integrity sha512-s3nugnZumCC//n4moGGe6tkNMyYEdaDBitVjwPxXmR5lnMG5dHePinH2EdxkG3Rh1ghFHHixAG4NJhpJW1rthQ==

escape-html@^1.0.3:
  version "1.0.3"
  resolved "https://registry.yarnpkg.com/escape-html/-/escape-html-1.0.3.tgz#0258eae4d3d0c0974de1c169188ef0051d1d1988"
  integrity sha512-NiSupZ4OeuGwr68lGIeym/ksIZMJodUGOSCZ/FSnTxcrekbvqrgdUxlJOMpijaKZVjAJrWrGs/6Jy8OMuyj9ow==

gerber-parser@^4.2.7:
  version "4.2.7"
  resolved "https://registry.yarnpkg.com/gerber-parser/-/gerber-parser-4.2.7.tgz#fd227b85f5b5bfff0073d0e82da7b730f2270eec"
  integrity sha512-Docb3egdLPjqYu/oH9Zhhc25kb2Ub9qkVFXu3seg13nDNW+KxbglqvyDcC0CGxkXxCaTqP3iyWNBG38fssmGKw==
  dependencies:
    "@types/node" "^13.1.6"
    inherits "^2.0.4"
    lodash.isfinite "^3.3.2"
    lodash.padend "^4.6.1"
    lodash.padstart "^4.6.1"
    readable-stream "^3.4.0"

gerber-plotter@^4.2.8:
  version "4.2.8"
  resolved "https://registry.yarnpkg.com/gerber-plotter/-/gerber-plotter-4.2.8.tgz#3a04c0dea33e9a704ab8ffc75719d720b4e427dd"
  integrity sha512-n+Kg4HJQzCVBvgh73Rit8xCrQOJFhnnIBV7psboURjlcIwuYum4eAEOTd6S3GyXXvxGGay3aOmp6HwQ373ciuQ==
  dependencies:
    "@types/node" "^13.1.6"
    inherits "^2.0.4"
    lodash.fill "^3.4.0"
    lodash.isfinite "^3.3.2"
    lodash.isfunction "^3.0.9"
    readable-stream "^3.4.0"

gerber-to-svg@^4.2.8:
  version "4.2.8"
  resolved "https://registry.yarnpkg.com/gerber-to-svg/-/gerber-to-svg-4.2.8.tgz#cbc402957d5f2fb939a61dbd3129891247a2eb39"
  integrity sha512-EgUR5cJu5s1UgB2jy+we9UBGH5c2ecmcsBsv2AOEjeYRUijMx7jg7mCsHAuGoF8ogmBWmh6/ahDxDJe7d7zzIw==
  dependencies:
    "@tracespace/xml-id" "^4.2.7"
    "@types/node" "^13.1.6"
    escape-html "^1.0.3"
    gerber-parser "^4.2.7"
    gerber-plotter "^4.2.8"
    inherits "^2.0.4"
    lodash.isfinite "^3.3.2"
    readable-stream "^3.4.0"
    xml-element-string "^1.0.0"

inherits@^2.0.3, inherits@^2.0.4:
  version "2.0.4"
  resolved "https://registry.yarnpkg.com/inherits/-/inherits-2.0.4.tgz#0fa2c64f932917c3433a0ded55363aae37416b7c"
  integrity sha512-k/vGaX4/Yla3WzyMCvTQOXYeIHvqOKtnqBduzTHpzpQZzAskKMhZ2K+EnBiSM9zGSoIFeMpXKxa4dYeZIQqewQ==

lodash.fill@^3.4.0:
  version "3.4.0"
  resolved "https://registry.yarnpkg.com/lodash.fill/-/lodash.fill-3.4.0.tgz#a3c74ae640d053adf0dc2079f8720788e8bfef85"
  integrity sha512-YgunwHKIxPWOe3VnM65J3oi6oShakIxdLMeIZ9xxcsMxc8X/FQC2VlA4eJzMv+7GlC5gebQLn+U+qcNoG18iLA==

lodash.isfinite@^3.3.2:
  version "3.3.2"
  resolved "https://registry.yarnpkg.com/lodash.isfinite/-/lodash.isfinite-3.3.2.tgz#fb89b65a9a80281833f0b7478b3a5104f898ebb3"
  integrity sha512-7FGG40uhC8Mm633uKW1r58aElFlBlxCrg9JfSi3P6aYiWmfiWF0PgMd86ZUsxE5GwWPdHoS2+48bwTh2VPkIQA==

lodash.isfunction@^3.0.9:
  version "3.0.9"
  resolved "https://registry.yarnpkg.com/lodash.isfunction/-/lodash.isfunction-3.0.9.tgz#06de25df4db327ac931981d1bdb067e5af68d051"
  integrity sha512-AirXNj15uRIMMPihnkInB4i3NHeb4iBtNg9WRWuK2o31S+ePwwNmDPaTL3o7dTJ+VXNZim7rFs4rxN4YU1oUJw==

lodash.padend@^4.6.1:
  version "4.6.1"
  resolved "https://registry.yarnpkg.com/lodash.padend/-/lodash.padend-4.6.1.tgz#53ccba047d06e158d311f45da625f4e49e6f166e"
  integrity sha512-sOQs2aqGpbl27tmCS1QNZA09Uqp01ZzWfDUoD+xzTii0E7dSQfRKcRetFwa+uXaxaqL+TKm7CgD2JdKP7aZBSw==

lodash.padstart@^4.6.1:
  version "4.6.1"
  resolved "https://registry.yarnpkg.com/lodash.padstart/-/lodash.padstart-4.6.1.tgz#d2e3eebff0d9d39ad50f5cbd1b52a7bce6bb611b"
  integrity sha512-sW73O6S8+Tg66eY56DBk85aQzzUJDtpoXFBgELMd5P/SotAguo+1kYO6RuYgXxA4HJH3LFTFPASX6ET6bjfriw==

readable-stream@^3.4.0:
  version "3.6.2"
  resolved "https://registry.yarnpkg.com/readable-stream/-/readable-stream-3.6.2.tgz#56a9b36ea965c00c5a93ef31eb111a0f11056967"
  integrity sha512-9u/sniCrY3D5WdsERHzHE4G2YCXqoG5FTHUiCC4SIbr6XcLZBY05ya9EKjYek9O5xOAwjGq+1JdGBAS7Q9ScoA==
  dependencies:
    inherits "^2.0.3"
    string_decoder "^1.1.1"
    util-deprecate "^1.0.1"

safe-buffer@~5.2.0:
  version "5.2.1"
  resolved "https://registry.yarnpkg.com/safe-buffer/-/safe-buffer-5.2.1.tgz#1eaf9fa9bdb1fdd4ec75f58f9cdb4e6b7827eec6"
  integrity sha512-rp3So07KcdmmKbGvgaNxQSJr7bGVSVk5S9Eq1F+ppbRo70+YeaDxkw5Dd8NPN+GD6bjnYm2VuPuCXmpuYvmCXQ==

string_decoder@^1.1.1:
  version "1.3.0"
  resolved "https://registry.yarnpkg.com/string_decoder/-/string_decoder-1.3.0.tgz#42f114594a46cf1a8e30b0a84f56c78c3edac21e"
  integrity sha512-hkRX8U1WjJFd8LsDJ2yQ/wWWxaopEsABU1XfkM8A+j0+85JAGppt16cr1Whg6KIbb4okU6Mql6BOj+uup/wKeA==
  dependencies:
    safe-buffer "~5.2.0"

util-deprecate@^1.0.1:
  version "1.0.2"
  resolved "https://registry.yarnpkg.com/util-deprecate/-/util-deprecate-1.0.2.tgz#450d4dc9fa70de732762fbd2d4a28981419a0ccf"
  integrity sha512-EPD5q1uXyFxJpCrLnCc1nHnq3gOa6DZBocAIiI2TaSCA7VCJ1UJDMagCzIkXNsUYfD1daK//LTEQ8xiIbrHtcw==

xml-element-string@^1.0.0:
  version "1.0.0"
  resolved "https://registry.yarnpkg.com/xml-element-string/-/xml-element-string-1.0.0.tgz#83c5d6335265f27099244c33ae0c93d4a7ba0c8c"
  integrity sha512-JhO/ZCCwce8c9rLVXEA/KAy3Kg5340Ey4QBglQ+9ScQrQdroothAXblTRtyGkJZRRqQkkJSMZx8Kd7DGPMBsAw==
  dependencies:
    escape-html "^1.0.3"
